{
  "lockfile_version": "1",
  "packages": {
    "fish@latest": {
      "last_modified": "2026-03-29T14:22:01Z",
      "resolved": "github:NixOS/nixpkgs/c397ef6af68c018462d786e1b65384abc472a907#fish",
      "source": "devbox-search",
      "version": "4.6.0",
      "systems": {
        "aarch64-darwin": {
          "outputs": [
            {
              "name": "out",
              "path": "/nix/store/2rb8r6s2ic5wryq75aa0k3vhav51mxj6-fish-4.6.0",
              "default": true
            },
            {
              "name": "doc",
              "path": "/nix/store/4kgj1i45zzkyicp2c4v8lcbhym91zbd3-fish-4.6.0-doc"
            }
          ],
          "store_path": "/nix/store/2rb8r6s2ic5wryq75aa0k3vhav51mxj6-fish-4.6.0"
        },
        "aarch64-linux": {
          "outputs": [
            {
              "name": "out",
              "path": "/nix/store/l5cp4j6ybsryb3vxinf0gsyxi6dza808-fish-4.6.0",
              "default": true
            },
            {
              "name": "doc",
              "path": "/nix/store/kinyhmbra16xfzlwylrxkds2qqll8p2m-fish-4.6.0-doc"
            }
          ],
          "store_path": "/nix/store/l5cp4j6ybsryb3vxinf0gsyxi6dza808-fish-4.6.0"
        },
        "x86_64-darwin": {
          "outputs": [
            {
              "name": "out",
              "path": "/nix/store/gg7v4gs2a5d295paya6qdpcczk7ki701-fish-4.6.0",
              "default": true
            },
            {
              "name": "doc",
              "path": "/nix/store/yazvcfrn9zl4ri89pniqwrkwfi5zy1y5-fish-4.6.0-doc"
            }
          ],
          "store_path": "/nix/store/gg7v4gs2a5d295paya6qdpcczk7ki701-fish-4.6.0"
        },
        "x86_64-linux": {
          "outputs": [
            {
              "name": "out",
              "path": "/nix/store/3mmsnnd8dw6vbdk74rq4wcvmcyjzinh0-fish-4.6.0",
              "default": true
            },
            {
              "name": "doc",
              "path": "/nix/store/b3lzq4w10dx6bwaqk4k4042vjyhj9c42-fish-4.6.0-doc"
            }
          ],
          "store_path": "/nix/store/3mmsnnd8dw6vbdk74rq4wcvmcyjzinh0-fish-4.6.0"
        }
      }
    },
    "github:NixOS/nixpkgs/nixpkgs-unstable": {
      "last_modified": "2025-05-15T12:36:28Z",
      "resolved": "github:NixOS/nixpkgs/b1bebd0fe266bbd1820019612ead889e96a8fa2d?lastModified=1747312588&narHash=sha256-MmJvj6mlWzeRwKGLcwmZpKaOPZ5nJb%2F6al5CXqJsgjo%3D"
    },
    "kubectl@latest": {
      "last_modified": "2025-05-24T21:46:02Z",
      "resolved": "github:NixOS/nixpkgs/edb3633f9100d9277d1c9af245a4e9337a980c07#kubectl",
      "source": "devbox-search",
      "version": "1.33.1",
      "systems": {
        "aarch64-darwin": {
          "outputs": [
            {
              "name": "out",
              "path": "/nix/store/vcq5gsn9rp26xbz14b5b2fd8map8qnvj-kubectl-1.33.1",
              "default": true
            },
            {
              "name": "man",
              "path": "/nix/store/20v8bx884m4i34zdkksdq5qpkm966m65-kubectl-1.33.1-man",
              "default": true
            },
            {
              "name": "convert",
              "path": "/nix/store/cjm9i86w7is18g3cpsgfc0c3jmsnp0s8-kubectl-1.33.1-convert"
            }
          ],
          "store_path": "/nix/store/vcq5gsn9rp26xbz14b5b2fd8map8qnvj-kubectl-1.33.1"
        },
        "aarch64-linux": {
          "outputs": [
            {
              "name": "out",
              "path": "/nix/store/m8406nxn25y7a80jxq6mdk70p1xl8xrc-kubectl-1.33.1",
              "default": true
            },
            {
              "name": "man",
              "path": "/nix/store/gy8hdpwiqcy35zp0a9imbv4fqqy3cwn8-kubectl-1.33.1-man",
              "default": true
            },
            {
              "name": "convert",
              "path": "/nix/store/kh7b55lvpwfrdfbq3qrzcj9qjanfqn7c-kubectl-1.33.1-convert"
            }
          ],
          "store_path": "/nix/store/m8406nxn25y7a80jxq6mdk70p1xl8xrc-kubectl-1.33.1"
        },
        "x86_64-darwin": {
          "outputs": [
            {
              "name": "out",
              "path": "/nix/store/g8r4y54jpdyrvnrbhqyg60sr1wpqx0ff-kubectl-1.33.1",
              "default": true
            },
            {
              "name": "man",
              "path": "/nix/store/0n7ik9w8sjrhanv7yb1ijhwyawx7xcz2-kubectl-1.33.1-man",
              "default": true
            },
            {
              "name": "convert",
              "path": "/nix/store/fdpw2205wf6qq7h271nzbhxdmx561vq0-kubectl-1.33.1-convert"
            }
          ],
          "store_path": "/nix/store/g8r4y54jpdyrvnrbhqyg60sr1wpqx0ff-kubectl-1.33.1"
        },
        "x86_64-linux": {
          "outputs": [
            {
              "name": "out",
              "path": "/nix/store/lrfm3r4z5iqyn5fqf085bdyp7b5ghhdr-kubectl-1.33.1",
              "default": true
            },
            {
              "name": "man",
              "path": "/nix/store/hhank6pxbzwzm6b6gphpc1rj2jjdpmmk-kubectl-1.33.1-man",
              "default": true
            },
            {
              "name": "convert",
              "path": "/nix/store/yqlm8fmchxsxzica482r16sfm8x84hck-kubectl-1.33.1-convert"
            }
          ],
          "store_path": "/nix/store/lrfm3r4z5iqyn5fqf085bdyp7b5ghhdr-kubectl-1.33.1"
        }
      }
    }
  }
}
